
Microsoft Visual Studio Solution File, Format Version 12.00
# Visual Studio 15
VisualStudioVersion = 15.0.27130.2027
MinimumVisualStudioVersion = 10.0.40219.1
Project("{FAE04EC0-301F-11D3-BF4B-00C04F79EFBC}") = "RPGLibrary", "RPGLibrary\RPGLibrary.csproj", "{1FCB4578-21B8-4DB5-B560-C87BEEB7FD2E}"
EndProject
Project("{FAE04EC0-301F-11D3-BF4B-00C04F79EFBC}") = "Davfalcon", "Davfalcon\Davfalcon.csproj", "{3F1FA461-A8B2-4B6D-8C39-050069CE2A66}"
EndProject
Project("{FAE04EC0-301F-11D3-BF4B-00C04F79EFBC}") = "DavfalconTest", "DavfalconTest\DavfalconTest.csproj", "{1AD0D210-549B-4454-8068-498DF977E5E3}"
EndProject
Project("{FAE04EC0-301F-11D3-BF4B-00C04F79EFBC}") = "RPGLibrary.UnitTests", "RPGLibrary.UnitTests\RPGLibrary.UnitTests.csproj", "{1019C09A-ACB3-4212-9372-4E28E628B46F}"
EndProject
Project("{FAE04EC0-301F-11D3-BF4B-00C04F79EFBC}") = "Davfalcon.UnitTests", "Davfalcon.UnitTests\Davfalcon.UnitTests.csproj", "{B6F86762-E634-4425-9D8B-1C0873B7E12B}"
EndProject
Project("{FAE04EC0-301F-11D3-BF4B-00C04F79EFBC}") = "RPGLibrary.Unity", "RPGLibrary.Unity\RPGLibrary.Unity.csproj", "{37146187-BC62-44E6-BCE1-EBC64C6C9224}"
EndProject
Global
	GlobalSection(SolutionConfigurationPlatforms) = preSolution
		Debug|Any CPU = Debug|Any CPU
		Debug|ARM = Debug|ARM
		Debug|x64 = Debug|x64
		Debug|x86 = Debug|x86
		Release|Any CPU = Release|Any CPU
		Release|ARM = Release|ARM
		Release|x64 = Release|x64
		Release|x86 = Release|x86
	EndGlobalSection
	GlobalSection(ProjectConfigurationPlatforms) = postSolution
		{1FCB4578-21B8-4DB5-B560-C87BEEB7FD2E}.Debug|Any CPU.ActiveCfg = Debug|Any CPU
		{1FCB4578-21B8-4DB5-B560-C87BEEB7FD2E}.Debug|Any CPU.Build.0 = Debug|Any CPU
		{1FCB4578-21B8-4DB5-B560-C87BEEB7FD2E}.Debug|ARM.ActiveCfg = Debug|Any CPU
		{1FCB4578-21B8-4DB5-B560-C87BEEB7FD2E}.Debug|ARM.Build.0 = Debug|Any CPU
		{1FCB4578-21B8-4DB5-B560-C87BEEB7FD2E}.Debug|x64.ActiveCfg = Debug|Any CPU
		{1FCB4578-21B8-4DB5-B560-C87BEEB7FD2E}.Debug|x64.Build.0 = Debug|Any CPU
		{1FCB4578-21B8-4DB5-B560-C87BEEB7FD2E}.Debug|x86.ActiveCfg = Debug|Any CPU
		{1FCB4578-21B8-4DB5-B560-C87BEEB7FD2E}.Debug|x86.Build.0 = Debug|Any CPU
		{1FCB4578-21B8-4DB5-B560-C87BEEB7FD2E}.Release|Any CPU.ActiveCfg = Release|Any CPU
		{1FCB4578-21B8-4DB5-B560-C87BEEB7FD2E}.Release|Any CPU.Build.0 = Release|Any CPU
		{1FCB4578-21B8-4DB5-B560-C87BEEB7FD2E}.Release|ARM.ActiveCfg = Release|Any CPU
		{1FCB4578-21B8-4DB5-B560-C87BEEB7FD2E}.Release|ARM.Build.0 = Release|Any CPU
		{1FCB4578-21B8-4DB5-B560-C87BEEB7FD2E}.Release|x64.ActiveCfg = Release|Any CPU
		{1FCB4578-21B8-4DB5-B560-C87BEEB7FD2E}.Release|x64.Build.0 = Release|Any CPU
		{1FCB4578-21B8-4DB5-B560-C87BEEB7FD2E}.Release|x86.ActiveCfg = Release|Any CPU
		{1FCB4578-21B8-4DB5-B560-C87BEEB7FD2E}.Release|x86.Build.0 = Release|Any CPU
		{3F1FA461-A8B2-4B6D-8C39-050069CE2A66}.Debug|Any CPU.ActiveCfg = Debug|Any CPU
		{3F1FA461-A8B2-4B6D-8C39-050069CE2A66}.Debug|Any CPU.Build.0 = Debug|Any CPU
		{3F1FA461-A8B2-4B6D-8C39-050069CE2A66}.Debug|ARM.ActiveCfg = Debug|Any CPU
		{3F1FA461-A8B2-4B6D-8C39-050069CE2A66}.Debug|ARM.Build.0 = Debug|Any CPU
		{3F1FA461-A8B2-4B6D-8C39-050069CE2A66}.Debug|x64.ActiveCfg = Debug|Any CPU
		{3F1FA461-A8B2-4B6D-8C39-050069CE2A66}.Debug|x64.Build.0 = Debug|Any CPU
		{3F1FA461-A8B2-4B6D-8C39-050069CE2A66}.Debug|x86.ActiveCfg = Debug|Any CPU
		{3F1FA461-A8B2-4B6D-8C39-050069CE2A66}.Debug|x86.Build.0 = Debug|Any CPU
		{3F1FA461-A8B2-4B6D-8C39-050069CE2A66}.Release|Any CPU.ActiveCfg = Release|Any CPU
		{3F1FA461-A8B2-4B6D-8C39-050069CE2A66}.Release|Any CPU.Build.0 = Release|Any CPU
		{3F1FA461-A8B2-4B6D-8C39-050069CE2A66}.Release|ARM.ActiveCfg = Release|Any CPU
		{3F1FA461-A8B2-4B6D-8C39-050069CE2A66}.Release|ARM.Build.0 = Release|Any CPU
		{3F1FA461-A8B2-4B6D-8C39-050069CE2A66}.Release|x64.ActiveCfg = Release|Any CPU
		{3F1FA461-A8B2-4B6D-8C39-050069CE2A66}.Release|x64.Build.0 = Release|Any CPU
		{3F1FA461-A8B2-4B6D-8C39-050069CE2A66}.Release|x86.ActiveCfg = Release|Any CPU
		{3F1FA461-A8B2-4B6D-8C39-050069CE2A66}.Release|x86.Build.0 = Release|Any CPU
		{1AD0D210-549B-4454-8068-498DF977E5E3}.Debug|Any CPU.ActiveCfg = Debug|Any CPU
		{1AD0D210-549B-4454-8068-498DF977E5E3}.Debug|Any CPU.Build.0 = Debug|Any CPU
		{1AD0D210-549B-4454-8068-498DF977E5E3}.Debug|ARM.ActiveCfg = Debug|Any CPU
		{1AD0D210-549B-4454-8068-498DF977E5E3}.Debug|x64.ActiveCfg = Debug|Any CPU
		{1AD0D210-549B-4454-8068-498DF977E5E3}.Debug|x86.ActiveCfg = Debug|Any CPU
		{1AD0D210-549B-4454-8068-498DF977E5E3}.Release|Any CPU.ActiveCfg = Release|Any CPU
		{1AD0D210-549B-4454-8068-498DF977E5E3}.Release|Any CPU.Build.0 = Release|Any CPU
		{1AD0D210-549B-4454-8068-498DF977E5E3}.Release|ARM.ActiveCfg = Release|Any CPU
		{1AD0D210-549B-4454-8068-498DF977E5E3}.Release|x64.ActiveCfg = Release|Any CPU
		{1AD0D210-549B-4454-8068-498DF977E5E3}.Release|x86.ActiveCfg = Release|Any CPU
		{1019C09A-ACB3-4212-9372-4E28E628B46F}.Debug|Any CPU.ActiveCfg = Debug|Any CPU
		{1019C09A-ACB3-4212-9372-4E28E628B46F}.Debug|Any CPU.Build.0 = Debug|Any CPU
		{1019C09A-ACB3-4212-9372-4E28E628B46F}.Debug|ARM.ActiveCfg = Debug|Any CPU
		{1019C09A-ACB3-4212-9372-4E28E628B46F}.Debug|ARM.Build.0 = Debug|Any CPU
		{1019C09A-ACB3-4212-9372-4E28E628B46F}.Debug|x64.ActiveCfg = Debug|Any CPU
		{1019C09A-ACB3-4212-9372-4E28E628B46F}.Debug|x64.Build.0 = Debug|Any CPU
		{1019C09A-ACB3-4212-9372-4E28E628B46F}.Debug|x86.ActiveCfg = Debug|Any CPU
		{1019C09A-ACB3-4212-9372-4E28E628B46F}.Debug|x86.Build.0 = Debug|Any CPU
		{1019C09A-ACB3-4212-9372-4E28E628B46F}.Release|Any CPU.ActiveCfg = Release|Any CPU
		{1019C09A-ACB3-4212-9372-4E28E628B46F}.Release|Any CPU.Build.0 = Release|Any CPU
		{1019C09A-ACB3-4212-9372-4E28E628B46F}.Release|ARM.ActiveCfg = Release|Any CPU
		{1019C09A-ACB3-4212-9372-4E28E628B46F}.Release|ARM.Build.0 = Release|Any CPU
		{1019C09A-ACB3-4212-9372-4E28E628B46F}.Release|x64.ActiveCfg = Release|Any CPU
		{1019C09A-ACB3-4212-9372-4E28E628B46F}.Release|x64.Build.0 = Release|Any CPU
		{1019C09A-ACB3-4212-9372-4E28E628B46F}.Release|x86.ActiveCfg = Release|Any CPU
		{1019C09A-ACB3-4212-9372-4E28E628B46F}.Release|x86.Build.0 = Release|Any CPU
		{B6F86762-E634-4425-9D8B-1C0873B7E12B}.Debug|Any CPU.ActiveCfg = Debug|Any CPU
		{B6F86762-E634-4425-9D8B-1C0873B7E12B}.Debug|Any CPU.Build.0 = Debug|Any CPU
		{B6F86762-E634-4425-9D8B-1C0873B7E12B}.Debug|ARM.ActiveCfg = Debug|Any CPU
		{B6F86762-E634-4425-9D8B-1C0873B7E12B}.Debug|x64.ActiveCfg = Debug|Any CPU
		{B6F86762-E634-4425-9D8B-1C0873B7E12B}.Debug|x86.ActiveCfg = Debug|Any CPU
		{B6F86762-E634-4425-9D8B-1C0873B7E12B}.Release|Any CPU.ActiveCfg = Release|Any CPU
		{B6F86762-E634-4425-9D8B-1C0873B7E12B}.Release|Any CPU.Build.0 = Release|Any CPU
		{B6F86762-E634-4425-9D8B-1C0873B7E12B}.Release|ARM.ActiveCfg = Release|Any CPU
		{B6F86762-E634-4425-9D8B-1C0873B7E12B}.Release|x64.ActiveCfg = Release|Any CPU
		{B6F86762-E634-4425-9D8B-1C0873B7E12B}.Release|x86.ActiveCfg = Release|Any CPU
		{37146187-BC62-44E6-BCE1-EBC64C6C9224}.Debug|Any CPU.ActiveCfg = Debug|Any CPU
		{37146187-BC62-44E6-BCE1-EBC64C6C9224}.Debug|Any CPU.Build.0 = Debug|Any CPU
		{37146187-BC62-44E6-BCE1-EBC64C6C9224}.Debug|ARM.ActiveCfg = Debug|Any CPU
		{37146187-BC62-44E6-BCE1-EBC64C6C9224}.Debug|ARM.Build.0 = Debug|Any CPU
		{37146187-BC62-44E6-BCE1-EBC64C6C9224}.Debug|x64.ActiveCfg = Debug|Any CPU
		{37146187-BC62-44E6-BCE1-EBC64C6C9224}.Debug|x64.Build.0 = Debug|Any CPU
		{37146187-BC62-44E6-BCE1-EBC64C6C9224}.Debug|x86.ActiveCfg = Debug|Any CPU
		{37146187-BC62-44E6-BCE1-EBC64C6C9224}.Debug|x86.Build.0 = Debug|Any CPU
		{37146187-BC62-44E6-BCE1-EBC64C6C9224}.Release|Any CPU.ActiveCfg = Release|Any CPU
		{37146187-BC62-44E6-BCE1-EBC64C6C9224}.Release|Any CPU.Build.0 = Release|Any CPU
		{37146187-BC62-44E6-BCE1-EBC64C6C9224}.Release|ARM.ActiveCfg = Release|Any CPU
		{37146187-BC62-44E6-BCE1-EBC64C6C9224}.Release|ARM.Build.0 = Release|Any CPU
		{37146187-BC62-44E6-BCE1-EBC64C6C9224}.Release|x64.ActiveCfg = Release|Any CPU
		{37146187-BC62-44E6-BCE1-EBC64C6C9224}.Release|x64.Build.0 = Release|Any CPU
		{37146187-BC62-44E6-BCE1-EBC64C6C9224}.Release|x86.ActiveCfg = Release|Any CPU
		{37146187-BC62-44E6-BCE1-EBC64C6C9224}.Release|x86.Build.0 = Release|Any CPU
	EndGlobalSection
	GlobalSection(SolutionProperties) = preSolution
		HideSolutionNode = FALSE
	EndGlobalSection
	GlobalSection(ExtensibilityGlobals) = postSolution
		SolutionGuid = {8158D293-D59B-4255-9ADD-AABC287B9E81}
	EndGlobalSection
EndGlobal
