
Microsoft Visual Studio Solution File, Format Version 12.00
# Visual Studio 2013
VisualStudioVersion = 12.0.40629.0
MinimumVisualStudioVersion = 10.0.40219.1
Project("{FAE04EC0-301F-11D3-BF4B-00C04F79EFBC}") = "RPGLibrary", "RPGLibrary\RPGLibrary.csproj", "{1FCB4578-21B8-4DB5-B560-C87BEEB7FD2E}"
EndProject
Project("{FAE04EC0-301F-11D3-BF4B-00C04F79EFBC}") = "RPGLibraryTest", "RPGLibraryTest\RPGLibraryTest.csproj", "{4B59BFB2-9068-4C2C-A6EC-422C03E77C45}"
EndProject
Project("{FAE04EC0-301F-11D3-BF4B-00C04F79EFBC}") = "Davfalcon", "Davfalcon\Davfalcon.csproj", "{3F1FA461-A8B2-4B6D-8C39-050069CE2A66}"
EndProject
Global
	GlobalSection(SolutionConfigurationPlatforms) = preSolution
		Debug|Any CPU = Debug|Any CPU
		Debug|ARM = Debug|ARM
		Debug|x64 = Debug|x64
		Debug|x86 = Debug|x86
		Release|Any CPU = Release|Any CPU
		Release|ARM = Release|ARM
		Release|x64 = Release|x64
		Release|x86 = Release|x86
	EndGlobalSection
	GlobalSection(ProjectConfigurationPlatforms) = postSolution
		{1FCB4578-21B8-4DB5-B560-C87BEEB7FD2E}.Debug|Any CPU.ActiveCfg = Debug|Any CPU
		{1FCB4578-21B8-4DB5-B560-C87BEEB7FD2E}.Debug|Any CPU.Build.0 = Debug|Any CPU
		{1FCB4578-21B8-4DB5-B560-C87BEEB7FD2E}.Debug|ARM.ActiveCfg = Debug|Any CPU
		{1FCB4578-21B8-4DB5-B560-C87BEEB7FD2E}.Debug|ARM.Build.0 = Debug|Any CPU
		{1FCB4578-21B8-4DB5-B560-C87BEEB7FD2E}.Debug|x64.ActiveCfg = Debug|Any CPU
		{1FCB4578-21B8-4DB5-B560-C87BEEB7FD2E}.Debug|x64.Build.0 = Debug|Any CPU
		{1FCB4578-21B8-4DB5-B560-C87BEEB7FD2E}.Debug|x86.ActiveCfg = Debug|Any CPU
		{1FCB4578-21B8-4DB5-B560-C87BEEB7FD2E}.Debug|x86.Build.0 = Debug|Any CPU
		{1FCB4578-21B8-4DB5-B560-C87BEEB7FD2E}.Release|Any CPU.ActiveCfg = Release|Any CPU
		{1FCB4578-21B8-4DB5-B560-C87BEEB7FD2E}.Release|Any CPU.Build.0 = Release|Any CPU
		{1FCB4578-21B8-4DB5-B560-C87BEEB7FD2E}.Release|ARM.ActiveCfg = Release|Any CPU
		{1FCB4578-21B8-4DB5-B560-C87BEEB7FD2E}.Release|ARM.Build.0 = Release|Any CPU
		{1FCB4578-21B8-4DB5-B560-C87BEEB7FD2E}.Release|x64.ActiveCfg = Release|Any CPU
		{1FCB4578-21B8-4DB5-B560-C87BEEB7FD2E}.Release|x64.Build.0 = Release|Any CPU
		{1FCB4578-21B8-4DB5-B560-C87BEEB7FD2E}.Release|x86.ActiveCfg = Release|Any CPU
		{1FCB4578-21B8-4DB5-B560-C87BEEB7FD2E}.Release|x86.Build.0 = Release|Any CPU
		{4B59BFB2-9068-4C2C-A6EC-422C03E77C45}.Debug|Any CPU.ActiveCfg = Debug|Any CPU
		{4B59BFB2-9068-4C2C-A6EC-422C03E77C45}.Debug|Any CPU.Build.0 = Debug|Any CPU
		{4B59BFB2-9068-4C2C-A6EC-422C03E77C45}.Debug|ARM.ActiveCfg = Debug|Any CPU
		{4B59BFB2-9068-4C2C-A6EC-422C03E77C45}.Debug|ARM.Build.0 = Debug|Any CPU
		{4B59BFB2-9068-4C2C-A6EC-422C03E77C45}.Debug|x64.ActiveCfg = Debug|Any CPU
		{4B59BFB2-9068-4C2C-A6EC-422C03E77C45}.Debug|x64.Build.0 = Debug|Any CPU
		{4B59BFB2-9068-4C2C-A6EC-422C03E77C45}.Debug|x86.ActiveCfg = Debug|Any CPU
		{4B59BFB2-9068-4C2C-A6EC-422C03E77C45}.Debug|x86.Build.0 = Debug|Any CPU
		{4B59BFB2-9068-4C2C-A6EC-422C03E77C45}.Release|Any CPU.ActiveCfg = Release|Any CPU
		{4B59BFB2-9068-4C2C-A6EC-422C03E77C45}.Release|Any CPU.Build.0 = Release|Any CPU
		{4B59BFB2-9068-4C2C-A6EC-422C03E77C45}.Release|ARM.ActiveCfg = Release|Any CPU
		{4B59BFB2-9068-4C2C-A6EC-422C03E77C45}.Release|ARM.Build.0 = Release|Any CPU
		{4B59BFB2-9068-4C2C-A6EC-422C03E77C45}.Release|x64.ActiveCfg = Release|Any CPU
		{4B59BFB2-9068-4C2C-A6EC-422C03E77C45}.Release|x64.Build.0 = Release|Any CPU
		{4B59BFB2-9068-4C2C-A6EC-422C03E77C45}.Release|x86.ActiveCfg = Release|Any CPU
		{4B59BFB2-9068-4C2C-A6EC-422C03E77C45}.Release|x86.Build.0 = Release|Any CPU
		{3F1FA461-A8B2-4B6D-8C39-050069CE2A66}.Debug|Any CPU.ActiveCfg = Debug|Any CPU
		{3F1FA461-A8B2-4B6D-8C39-050069CE2A66}.Debug|Any CPU.Build.0 = Debug|Any CPU
		{3F1FA461-A8B2-4B6D-8C39-050069CE2A66}.Debug|ARM.ActiveCfg = Debug|Any CPU
		{3F1FA461-A8B2-4B6D-8C39-050069CE2A66}.Debug|ARM.Build.0 = Debug|Any CPU
		{3F1FA461-A8B2-4B6D-8C39-050069CE2A66}.Debug|x64.ActiveCfg = Debug|Any CPU
		{3F1FA461-A8B2-4B6D-8C39-050069CE2A66}.Debug|x64.Build.0 = Debug|Any CPU
		{3F1FA461-A8B2-4B6D-8C39-050069CE2A66}.Debug|x86.ActiveCfg = Debug|Any CPU
		{3F1FA461-A8B2-4B6D-8C39-050069CE2A66}.Debug|x86.Build.0 = Debug|Any CPU
		{3F1FA461-A8B2-4B6D-8C39-050069CE2A66}.Release|Any CPU.ActiveCfg = Release|Any CPU
		{3F1FA461-A8B2-4B6D-8C39-050069CE2A66}.Release|Any CPU.Build.0 = Release|Any CPU
		{3F1FA461-A8B2-4B6D-8C39-050069CE2A66}.Release|ARM.ActiveCfg = Release|Any CPU
		{3F1FA461-A8B2-4B6D-8C39-050069CE2A66}.Release|ARM.Build.0 = Release|Any CPU
		{3F1FA461-A8B2-4B6D-8C39-050069CE2A66}.Release|x64.ActiveCfg = Release|Any CPU
		{3F1FA461-A8B2-4B6D-8C39-050069CE2A66}.Release|x64.Build.0 = Release|Any CPU
		{3F1FA461-A8B2-4B6D-8C39-050069CE2A66}.Release|x86.ActiveCfg = Release|Any CPU
		{3F1FA461-A8B2-4B6D-8C39-050069CE2A66}.Release|x86.Build.0 = Release|Any CPU
	EndGlobalSection
	GlobalSection(SolutionProperties) = preSolution
		HideSolutionNode = FALSE
	EndGlobalSection
EndGlobal
