
Microsoft Visual Studio Solution File, Format Version 12.00
# Visual Studio 15
VisualStudioVersion = 15.0.27130.2027
MinimumVisualStudioVersion = 10.0.40219.1
Project("{FAE04EC0-301F-11D3-BF4B-00C04F79EFBC}") = "Davfalcon", "..\Davfalcon\Davfalcon.csproj", "{1FCB4578-21B8-4DB5-B560-C87BEEB7FD2E}"
EndProject
Project("{FAE04EC0-301F-11D3-BF4B-00C04F79EFBC}") = "Davfalcon.Revelator", "..\Davfalcon.Revelator\Davfalcon.Revelator.csproj", "{3F1FA461-A8B2-4B6D-8C39-050069CE2A66}"
EndProject
Project("{FAE04EC0-301F-11D3-BF4B-00C04F79EFBC}") = "Davfalcon.Revelator.Unity", "Davfalcon.Revelator.Unity\Davfalcon.Revelator.Unity.csproj", "{57BBA5B4-F276-4E49-9788-29AB5A2971E0}"
EndProject
Project("{FAE04EC0-301F-11D3-BF4B-00C04F79EFBC}") = "Davfalcon.Unity", "Davfalcon.Unity\Davfalcon.Unity.csproj", "{37146187-BC62-44E6-BCE1-EBC64C6C9224}"
EndProject
Project("{2150E333-8FDC-42A3-9474-1A3956D46DE8}") = "Libraries", "Libraries", "{BC74E682-0C04-41CB-AB75-8D0708872068}"
EndProject
Global
	GlobalSection(SolutionConfigurationPlatforms) = preSolution
		Debug|Any CPU = Debug|Any CPU
		Release|Any CPU = Release|Any CPU
	EndGlobalSection
	GlobalSection(ProjectConfigurationPlatforms) = postSolution
		{1FCB4578-21B8-4DB5-B560-C87BEEB7FD2E}.Debug|Any CPU.ActiveCfg = Debug|Any CPU
		{1FCB4578-21B8-4DB5-B560-C87BEEB7FD2E}.Debug|Any CPU.Build.0 = Debug|Any CPU
		{1FCB4578-21B8-4DB5-B560-C87BEEB7FD2E}.Release|Any CPU.ActiveCfg = Release|Any CPU
		{1FCB4578-21B8-4DB5-B560-C87BEEB7FD2E}.Release|Any CPU.Build.0 = Release|Any CPU
		{3F1FA461-A8B2-4B6D-8C39-050069CE2A66}.Debug|Any CPU.ActiveCfg = Debug|Any CPU
		{3F1FA461-A8B2-4B6D-8C39-050069CE2A66}.Debug|Any CPU.Build.0 = Debug|Any CPU
		{3F1FA461-A8B2-4B6D-8C39-050069CE2A66}.Release|Any CPU.ActiveCfg = Release|Any CPU
		{3F1FA461-A8B2-4B6D-8C39-050069CE2A66}.Release|Any CPU.Build.0 = Release|Any CPU
		{57BBA5B4-F276-4E49-9788-29AB5A2971E0}.Debug|Any CPU.ActiveCfg = Debug|Any CPU
		{57BBA5B4-F276-4E49-9788-29AB5A2971E0}.Debug|Any CPU.Build.0 = Debug|Any CPU
		{57BBA5B4-F276-4E49-9788-29AB5A2971E0}.Release|Any CPU.ActiveCfg = Release|Any CPU
		{57BBA5B4-F276-4E49-9788-29AB5A2971E0}.Release|Any CPU.Build.0 = Release|Any CPU
		{37146187-BC62-44E6-BCE1-EBC64C6C9224}.Debug|Any CPU.ActiveCfg = Debug|Any CPU
		{37146187-BC62-44E6-BCE1-EBC64C6C9224}.Debug|Any CPU.Build.0 = Debug|Any CPU
		{37146187-BC62-44E6-BCE1-EBC64C6C9224}.Release|Any CPU.ActiveCfg = Release|Any CPU
		{37146187-BC62-44E6-BCE1-EBC64C6C9224}.Release|Any CPU.Build.0 = Release|Any CPU
	EndGlobalSection
	GlobalSection(SolutionProperties) = preSolution
		HideSolutionNode = FALSE
	EndGlobalSection
	GlobalSection(NestedProjects) = preSolution
		{1FCB4578-21B8-4DB5-B560-C87BEEB7FD2E} = {BC74E682-0C04-41CB-AB75-8D0708872068}
		{3F1FA461-A8B2-4B6D-8C39-050069CE2A66} = {BC74E682-0C04-41CB-AB75-8D0708872068}
	EndGlobalSection
	GlobalSection(ExtensibilityGlobals) = postSolution
		SolutionGuid = {8158D293-D59B-4255-9ADD-AABC287B9E81}
	EndGlobalSection
EndGlobal
