
Microsoft Visual Studio Solution File, Format Version 12.00
# Visual Studio 2017
Project("{FAE04EC0-301F-11D3-BF4B-00C04F79EFBC}") = "UI Sandbox", "UI Sandbox.csproj", "{5935187B-9524-AFAC-8EA6-4A0DFC5EE1B1}"
EndProject
Project("{FAE04EC0-301F-11D3-BF4B-00C04F79EFBC}") = "Unity.UI", "..\..\Unity.UI\Unity.UI.csproj", "{37146187-BC62-44E6-BCE1-EBC64C6C9224}"
EndProject
Project("{FAE04EC0-301F-11D3-BF4B-00C04F79EFBC}") = "RPGLibrary", "..\..\RPGLibrary\RPGLibrary.csproj", "{1FCB4578-21B8-4DB5-B560-C87BEEB7FD2E}"
EndProject
Project("{FAE04EC0-301F-11D3-BF4B-00C04F79EFBC}") = "Davfalcon", "..\..\Davfalcon\Davfalcon.csproj", "{3F1FA461-A8B2-4B6D-8C39-050069CE2A66}"
EndProject
Project("{FAE04EC0-301F-11D3-BF4B-00C04F79EFBC}") = "Davfalcon.Unity", "..\..\Davfalcon.Unity\Davfalcon.Unity.csproj", "{57BBA5B4-F276-4E49-9788-29AB5A2971E0}"
EndProject
Project("{FAE04EC0-301F-11D3-BF4B-00C04F79EFBC}") = "Build", "Build\Build.csproj", "{D9D22919-CB11-40F0-AB1A-33B00D2A1010}"
EndProject
Global
	GlobalSection(SolutionConfigurationPlatforms) = preSolution
		Debug|Any CPU = Debug|Any CPU
		Release|Any CPU = Release|Any CPU
	EndGlobalSection
	GlobalSection(ProjectConfigurationPlatforms) = postSolution
		{5935187B-9524-AFAC-8EA6-4A0DFC5EE1B1}.Debug|Any CPU.ActiveCfg = Debug|Any CPU
		{5935187B-9524-AFAC-8EA6-4A0DFC5EE1B1}.Debug|Any CPU.Build.0 = Debug|Any CPU
		{5935187B-9524-AFAC-8EA6-4A0DFC5EE1B1}.Release|Any CPU.ActiveCfg = Release|Any CPU
		{5935187B-9524-AFAC-8EA6-4A0DFC5EE1B1}.Release|Any CPU.Build.0 = Release|Any CPU
		{37146187-BC62-44E6-BCE1-EBC64C6C9224}.Debug|Any CPU.ActiveCfg = Debug|Any CPU
		{37146187-BC62-44E6-BCE1-EBC64C6C9224}.Debug|Any CPU.Build.0 = Debug|Any CPU
		{37146187-BC62-44E6-BCE1-EBC64C6C9224}.Release|Any CPU.ActiveCfg = Release|Any CPU
		{37146187-BC62-44E6-BCE1-EBC64C6C9224}.Release|Any CPU.Build.0 = Release|Any CPU
		{1FCB4578-21B8-4DB5-B560-C87BEEB7FD2E}.Debug|Any CPU.ActiveCfg = Debug|Any CPU
		{1FCB4578-21B8-4DB5-B560-C87BEEB7FD2E}.Debug|Any CPU.Build.0 = Debug|Any CPU
		{1FCB4578-21B8-4DB5-B560-C87BEEB7FD2E}.Release|Any CPU.ActiveCfg = Release|Any CPU
		{1FCB4578-21B8-4DB5-B560-C87BEEB7FD2E}.Release|Any CPU.Build.0 = Release|Any CPU
		{3F1FA461-A8B2-4B6D-8C39-050069CE2A66}.Debug|Any CPU.ActiveCfg = Debug|Any CPU
		{3F1FA461-A8B2-4B6D-8C39-050069CE2A66}.Debug|Any CPU.Build.0 = Debug|Any CPU
		{3F1FA461-A8B2-4B6D-8C39-050069CE2A66}.Release|Any CPU.ActiveCfg = Release|Any CPU
		{3F1FA461-A8B2-4B6D-8C39-050069CE2A66}.Release|Any CPU.Build.0 = Release|Any CPU
		{57BBA5B4-F276-4E49-9788-29AB5A2971E0}.Debug|Any CPU.ActiveCfg = Debug|Any CPU
		{57BBA5B4-F276-4E49-9788-29AB5A2971E0}.Debug|Any CPU.Build.0 = Debug|Any CPU
		{57BBA5B4-F276-4E49-9788-29AB5A2971E0}.Release|Any CPU.ActiveCfg = Release|Any CPU
		{57BBA5B4-F276-4E49-9788-29AB5A2971E0}.Release|Any CPU.Build.0 = Release|Any CPU
		{D9D22919-CB11-40F0-AB1A-33B00D2A1010}.Debug|Any CPU.ActiveCfg = Debug|Any CPU
		{D9D22919-CB11-40F0-AB1A-33B00D2A1010}.Debug|Any CPU.Build.0 = Debug|Any CPU
		{D9D22919-CB11-40F0-AB1A-33B00D2A1010}.Release|Any CPU.ActiveCfg = Release|Any CPU
		{D9D22919-CB11-40F0-AB1A-33B00D2A1010}.Release|Any CPU.Build.0 = Release|Any CPU
	EndGlobalSection
	GlobalSection(SolutionProperties) = preSolution
		HideSolutionNode = FALSE
	EndGlobalSection
EndGlobal
