
Microsoft Visual Studio Solution File, Format Version 12.00
# Visual Studio 15
VisualStudioVersion = 15.0.27130.2010
MinimumVisualStudioVersion = 10.0.40219.1
Project("{FAE04EC0-301F-11D3-BF4B-00C04F79EFBC}") = "UI Sandbox", "UI Sandbox.csproj", "{5935187B-9524-AFAC-8EA6-4A0DFC5EE1B1}"
	ProjectSection(ProjectDependencies) = postProject
		{37146187-BC62-44E6-BCE1-EBC64C6C9224} = {37146187-BC62-44E6-BCE1-EBC64C6C9224}
		{57BBA5B4-F276-4E49-9788-29AB5A2971E0} = {57BBA5B4-F276-4E49-9788-29AB5A2971E0}
	EndProjectSection
EndProject
Project("{FAE04EC0-301F-11D3-BF4B-00C04F79EFBC}") = "Unity.UI", "..\..\Unity.UI\Unity.UI.csproj", "{37146187-BC62-44E6-BCE1-EBC64C6C9224}"
EndProject
Project("{FAE04EC0-301F-11D3-BF4B-00C04F79EFBC}") = "RPGLibrary", "..\..\RPGLibrary\RPGLibrary.csproj", "{1FCB4578-21B8-4DB5-B560-C87BEEB7FD2E}"
EndProject
Project("{FAE04EC0-301F-11D3-BF4B-00C04F79EFBC}") = "Davfalcon", "..\..\Davfalcon\Davfalcon.csproj", "{3F1FA461-A8B2-4B6D-8C39-050069CE2A66}"
EndProject
Project("{FAE04EC0-301F-11D3-BF4B-00C04F79EFBC}") = "Davfalcon.Unity.UI", "..\..\Davfalcon.Unity.UI\Davfalcon.Unity.UI.csproj", "{57BBA5B4-F276-4E49-9788-29AB5A2971E0}"
EndProject
Project("{FAE04EC0-301F-11D3-BF4B-00C04F79EFBC}") = "OutputProxy", "OutputProxy\OutputProxy.csproj", "{D9D22919-CB11-40F0-AB1A-33B00D2A1010}"
EndProject
Global
	GlobalSection(SolutionConfigurationPlatforms) = preSolution
		Debug|Any CPU = Debug|Any CPU
		Debug|ARM = Debug|ARM
		Debug|x64 = Debug|x64
		Debug|x86 = Debug|x86
		Release|Any CPU = Release|Any CPU
		Release|ARM = Release|ARM
		Release|x64 = Release|x64
		Release|x86 = Release|x86
	EndGlobalSection
	GlobalSection(ProjectConfigurationPlatforms) = postSolution
		{5935187B-9524-AFAC-8EA6-4A0DFC5EE1B1}.Debug|Any CPU.ActiveCfg = Debug|Any CPU
		{5935187B-9524-AFAC-8EA6-4A0DFC5EE1B1}.Debug|Any CPU.Build.0 = Debug|Any CPU
		{5935187B-9524-AFAC-8EA6-4A0DFC5EE1B1}.Debug|ARM.ActiveCfg = Debug|Any CPU
		{5935187B-9524-AFAC-8EA6-4A0DFC5EE1B1}.Debug|ARM.Build.0 = Debug|Any CPU
		{5935187B-9524-AFAC-8EA6-4A0DFC5EE1B1}.Debug|x64.ActiveCfg = Debug|Any CPU
		{5935187B-9524-AFAC-8EA6-4A0DFC5EE1B1}.Debug|x64.Build.0 = Debug|Any CPU
		{5935187B-9524-AFAC-8EA6-4A0DFC5EE1B1}.Debug|x86.ActiveCfg = Debug|Any CPU
		{5935187B-9524-AFAC-8EA6-4A0DFC5EE1B1}.Debug|x86.Build.0 = Debug|Any CPU
		{5935187B-9524-AFAC-8EA6-4A0DFC5EE1B1}.Release|Any CPU.ActiveCfg = Release|Any CPU
		{5935187B-9524-AFAC-8EA6-4A0DFC5EE1B1}.Release|Any CPU.Build.0 = Release|Any CPU
		{5935187B-9524-AFAC-8EA6-4A0DFC5EE1B1}.Release|ARM.ActiveCfg = Release|Any CPU
		{5935187B-9524-AFAC-8EA6-4A0DFC5EE1B1}.Release|ARM.Build.0 = Release|Any CPU
		{5935187B-9524-AFAC-8EA6-4A0DFC5EE1B1}.Release|x64.ActiveCfg = Release|Any CPU
		{5935187B-9524-AFAC-8EA6-4A0DFC5EE1B1}.Release|x64.Build.0 = Release|Any CPU
		{5935187B-9524-AFAC-8EA6-4A0DFC5EE1B1}.Release|x86.ActiveCfg = Release|Any CPU
		{5935187B-9524-AFAC-8EA6-4A0DFC5EE1B1}.Release|x86.Build.0 = Release|Any CPU
		{37146187-BC62-44E6-BCE1-EBC64C6C9224}.Debug|Any CPU.ActiveCfg = Debug|Any CPU
		{37146187-BC62-44E6-BCE1-EBC64C6C9224}.Debug|Any CPU.Build.0 = Debug|Any CPU
		{37146187-BC62-44E6-BCE1-EBC64C6C9224}.Debug|ARM.ActiveCfg = Debug|Any CPU
		{37146187-BC62-44E6-BCE1-EBC64C6C9224}.Debug|ARM.Build.0 = Debug|Any CPU
		{37146187-BC62-44E6-BCE1-EBC64C6C9224}.Debug|x64.ActiveCfg = Debug|Any CPU
		{37146187-BC62-44E6-BCE1-EBC64C6C9224}.Debug|x64.Build.0 = Debug|Any CPU
		{37146187-BC62-44E6-BCE1-EBC64C6C9224}.Debug|x86.ActiveCfg = Debug|Any CPU
		{37146187-BC62-44E6-BCE1-EBC64C6C9224}.Debug|x86.Build.0 = Debug|Any CPU
		{37146187-BC62-44E6-BCE1-EBC64C6C9224}.Release|Any CPU.ActiveCfg = Release|Any CPU
		{37146187-BC62-44E6-BCE1-EBC64C6C9224}.Release|Any CPU.Build.0 = Release|Any CPU
		{37146187-BC62-44E6-BCE1-EBC64C6C9224}.Release|ARM.ActiveCfg = Release|Any CPU
		{37146187-BC62-44E6-BCE1-EBC64C6C9224}.Release|ARM.Build.0 = Release|Any CPU
		{37146187-BC62-44E6-BCE1-EBC64C6C9224}.Release|x64.ActiveCfg = Release|Any CPU
		{37146187-BC62-44E6-BCE1-EBC64C6C9224}.Release|x64.Build.0 = Release|Any CPU
		{37146187-BC62-44E6-BCE1-EBC64C6C9224}.Release|x86.ActiveCfg = Release|Any CPU
		{37146187-BC62-44E6-BCE1-EBC64C6C9224}.Release|x86.Build.0 = Release|Any CPU
		{1FCB4578-21B8-4DB5-B560-C87BEEB7FD2E}.Debug|Any CPU.ActiveCfg = Debug|Any CPU
		{1FCB4578-21B8-4DB5-B560-C87BEEB7FD2E}.Debug|Any CPU.Build.0 = Debug|Any CPU
		{1FCB4578-21B8-4DB5-B560-C87BEEB7FD2E}.Debug|ARM.ActiveCfg = Debug|Any CPU
		{1FCB4578-21B8-4DB5-B560-C87BEEB7FD2E}.Debug|ARM.Build.0 = Debug|Any CPU
		{1FCB4578-21B8-4DB5-B560-C87BEEB7FD2E}.Debug|x64.ActiveCfg = Debug|Any CPU
		{1FCB4578-21B8-4DB5-B560-C87BEEB7FD2E}.Debug|x64.Build.0 = Debug|Any CPU
		{1FCB4578-21B8-4DB5-B560-C87BEEB7FD2E}.Debug|x86.ActiveCfg = Debug|Any CPU
		{1FCB4578-21B8-4DB5-B560-C87BEEB7FD2E}.Debug|x86.Build.0 = Debug|Any CPU
		{1FCB4578-21B8-4DB5-B560-C87BEEB7FD2E}.Release|Any CPU.ActiveCfg = Release|Any CPU
		{1FCB4578-21B8-4DB5-B560-C87BEEB7FD2E}.Release|Any CPU.Build.0 = Release|Any CPU
		{1FCB4578-21B8-4DB5-B560-C87BEEB7FD2E}.Release|ARM.ActiveCfg = Release|Any CPU
		{1FCB4578-21B8-4DB5-B560-C87BEEB7FD2E}.Release|ARM.Build.0 = Release|Any CPU
		{1FCB4578-21B8-4DB5-B560-C87BEEB7FD2E}.Release|x64.ActiveCfg = Release|Any CPU
		{1FCB4578-21B8-4DB5-B560-C87BEEB7FD2E}.Release|x64.Build.0 = Release|Any CPU
		{1FCB4578-21B8-4DB5-B560-C87BEEB7FD2E}.Release|x86.ActiveCfg = Release|Any CPU
		{1FCB4578-21B8-4DB5-B560-C87BEEB7FD2E}.Release|x86.Build.0 = Release|Any CPU
		{3F1FA461-A8B2-4B6D-8C39-050069CE2A66}.Debug|Any CPU.ActiveCfg = Debug|Any CPU
		{3F1FA461-A8B2-4B6D-8C39-050069CE2A66}.Debug|Any CPU.Build.0 = Debug|Any CPU
		{3F1FA461-A8B2-4B6D-8C39-050069CE2A66}.Debug|ARM.ActiveCfg = Debug|Any CPU
		{3F1FA461-A8B2-4B6D-8C39-050069CE2A66}.Debug|ARM.Build.0 = Debug|Any CPU
		{3F1FA461-A8B2-4B6D-8C39-050069CE2A66}.Debug|x64.ActiveCfg = Debug|Any CPU
		{3F1FA461-A8B2-4B6D-8C39-050069CE2A66}.Debug|x64.Build.0 = Debug|Any CPU
		{3F1FA461-A8B2-4B6D-8C39-050069CE2A66}.Debug|x86.ActiveCfg = Debug|Any CPU
		{3F1FA461-A8B2-4B6D-8C39-050069CE2A66}.Debug|x86.Build.0 = Debug|Any CPU
		{3F1FA461-A8B2-4B6D-8C39-050069CE2A66}.Release|Any CPU.ActiveCfg = Release|Any CPU
		{3F1FA461-A8B2-4B6D-8C39-050069CE2A66}.Release|Any CPU.Build.0 = Release|Any CPU
		{3F1FA461-A8B2-4B6D-8C39-050069CE2A66}.Release|ARM.ActiveCfg = Release|Any CPU
		{3F1FA461-A8B2-4B6D-8C39-050069CE2A66}.Release|ARM.Build.0 = Release|Any CPU
		{3F1FA461-A8B2-4B6D-8C39-050069CE2A66}.Release|x64.ActiveCfg = Release|Any CPU
		{3F1FA461-A8B2-4B6D-8C39-050069CE2A66}.Release|x64.Build.0 = Release|Any CPU
		{3F1FA461-A8B2-4B6D-8C39-050069CE2A66}.Release|x86.ActiveCfg = Release|Any CPU
		{3F1FA461-A8B2-4B6D-8C39-050069CE2A66}.Release|x86.Build.0 = Release|Any CPU
		{57BBA5B4-F276-4E49-9788-29AB5A2971E0}.Debug|Any CPU.ActiveCfg = Debug|Any CPU
		{57BBA5B4-F276-4E49-9788-29AB5A2971E0}.Debug|Any CPU.Build.0 = Debug|Any CPU
		{57BBA5B4-F276-4E49-9788-29AB5A2971E0}.Debug|ARM.ActiveCfg = Debug|Any CPU
		{57BBA5B4-F276-4E49-9788-29AB5A2971E0}.Debug|ARM.Build.0 = Debug|Any CPU
		{57BBA5B4-F276-4E49-9788-29AB5A2971E0}.Debug|x64.ActiveCfg = Debug|Any CPU
		{57BBA5B4-F276-4E49-9788-29AB5A2971E0}.Debug|x64.Build.0 = Debug|Any CPU
		{57BBA5B4-F276-4E49-9788-29AB5A2971E0}.Debug|x86.ActiveCfg = Debug|Any CPU
		{57BBA5B4-F276-4E49-9788-29AB5A2971E0}.Debug|x86.Build.0 = Debug|Any CPU
		{57BBA5B4-F276-4E49-9788-29AB5A2971E0}.Release|Any CPU.ActiveCfg = Release|Any CPU
		{57BBA5B4-F276-4E49-9788-29AB5A2971E0}.Release|Any CPU.Build.0 = Release|Any CPU
		{57BBA5B4-F276-4E49-9788-29AB5A2971E0}.Release|ARM.ActiveCfg = Release|Any CPU
		{57BBA5B4-F276-4E49-9788-29AB5A2971E0}.Release|ARM.Build.0 = Release|Any CPU
		{57BBA5B4-F276-4E49-9788-29AB5A2971E0}.Release|x64.ActiveCfg = Release|Any CPU
		{57BBA5B4-F276-4E49-9788-29AB5A2971E0}.Release|x64.Build.0 = Release|Any CPU
		{57BBA5B4-F276-4E49-9788-29AB5A2971E0}.Release|x86.ActiveCfg = Release|Any CPU
		{57BBA5B4-F276-4E49-9788-29AB5A2971E0}.Release|x86.Build.0 = Release|Any CPU
		{D9D22919-CB11-40F0-AB1A-33B00D2A1010}.Debug|Any CPU.ActiveCfg = Debug|Any CPU
		{D9D22919-CB11-40F0-AB1A-33B00D2A1010}.Debug|Any CPU.Build.0 = Debug|Any CPU
		{D9D22919-CB11-40F0-AB1A-33B00D2A1010}.Debug|ARM.ActiveCfg = Debug|Any CPU
		{D9D22919-CB11-40F0-AB1A-33B00D2A1010}.Debug|ARM.Build.0 = Debug|Any CPU
		{D9D22919-CB11-40F0-AB1A-33B00D2A1010}.Debug|x64.ActiveCfg = Debug|Any CPU
		{D9D22919-CB11-40F0-AB1A-33B00D2A1010}.Debug|x64.Build.0 = Debug|Any CPU
		{D9D22919-CB11-40F0-AB1A-33B00D2A1010}.Debug|x86.ActiveCfg = Debug|Any CPU
		{D9D22919-CB11-40F0-AB1A-33B00D2A1010}.Debug|x86.Build.0 = Debug|Any CPU
		{D9D22919-CB11-40F0-AB1A-33B00D2A1010}.Release|Any CPU.ActiveCfg = Release|Any CPU
		{D9D22919-CB11-40F0-AB1A-33B00D2A1010}.Release|Any CPU.Build.0 = Release|Any CPU
		{D9D22919-CB11-40F0-AB1A-33B00D2A1010}.Release|ARM.ActiveCfg = Release|Any CPU
		{D9D22919-CB11-40F0-AB1A-33B00D2A1010}.Release|ARM.Build.0 = Release|Any CPU
		{D9D22919-CB11-40F0-AB1A-33B00D2A1010}.Release|x64.ActiveCfg = Release|Any CPU
		{D9D22919-CB11-40F0-AB1A-33B00D2A1010}.Release|x64.Build.0 = Release|Any CPU
		{D9D22919-CB11-40F0-AB1A-33B00D2A1010}.Release|x86.ActiveCfg = Release|Any CPU
		{D9D22919-CB11-40F0-AB1A-33B00D2A1010}.Release|x86.Build.0 = Release|Any CPU
	EndGlobalSection
	GlobalSection(SolutionProperties) = preSolution
		HideSolutionNode = FALSE
	EndGlobalSection
	GlobalSection(ExtensibilityGlobals) = postSolution
		SolutionGuid = {8158D293-D59B-4255-9ADD-AABC287B9E81}
	EndGlobalSection
EndGlobal
